
Microsoft Visual Studio Solution File, Format Version 12.00
# Visual Studio Version 16
VisualStudioVersion = 16.0.31911.196
MinimumVisualStudioVersion = 10.0.40219.1
Project("{FAE04EC0-301F-11D3-BF4B-00C04F79EFBC}") = "Pokemon", "Pokemon\Pokemon.csproj", "{8490384E-F9F2-4DC1-98E1-0E3A4512CE83}"
EndProject
Global
	GlobalSection(SolutionConfigurationPlatforms) = preSolution
		Debug|Any CPU = Debug|Any CPU
		Release|Any CPU = Release|Any CPU
	EndGlobalSection
	GlobalSection(ProjectConfigurationPlatforms) = postSolution
		{8490384E-F9F2-4DC1-98E1-0E3A4512CE83}.Debug|Any CPU.ActiveCfg = Debug|Any CPU
		{8490384E-F9F2-4DC1-98E1-0E3A4512CE83}.Debug|Any CPU.Build.0 = Debug|Any CPU
		{8490384E-F9F2-4DC1-98E1-0E3A4512CE83}.Release|Any CPU.ActiveCfg = Release|Any CPU
		{8490384E-F9F2-4DC1-98E1-0E3A4512CE83}.Release|Any CPU.Build.0 = Release|Any CPU
	EndGlobalSection
	GlobalSection(SolutionProperties) = preSolution
		HideSolutionNode = FALSE
	EndGlobalSection
	GlobalSection(ExtensibilityGlobals) = postSolution
		SolutionGuid = {2E33748B-D07C-4B0D-8446-053D8DF2CAB4}
	EndGlobalSection
EndGlobal
